
Microsoft Visual Studio Solution File, Format Version 12.00
# Visual Studio 15
VisualStudioVersion = 15.0.27130.2036
MinimumVisualStudioVersion = 10.0.40219.1
Project("{2150E333-8FDC-42A3-9474-1A3956D46DE8}") = ".paket", ".paket", "{D106D8CE-B2BF-418E-B410-4D3893A89C72}"
	ProjectSection(SolutionItems) = preProject
		paket.dependencies = paket.dependencies
	EndProjectSection
EndProject
Project("{FAE04EC0-301F-11D3-BF4B-00C04F79EFBC}") = "ProjectFileConverter", "ProjectFileConverter\ProjectFileConverter.csproj", "{786997AC-57F0-4C9B-83FD-8E2E6AE0A842}"
EndProject
Project("{FAE04EC0-301F-11D3-BF4B-00C04F79EFBC}") = "ProjectFileConverter.Tests", "ProjectFileConverter.Tests\ProjectFileConverter.Tests.csproj", "{AF410DA6-FE1B-49FC-A42E-74538E9CE2E8}"
EndProject
Global
	GlobalSection(SolutionConfigurationPlatforms) = preSolution
		Debug|Any CPU = Debug|Any CPU
		Release|Any CPU = Release|Any CPU
	EndGlobalSection
	GlobalSection(ProjectConfigurationPlatforms) = postSolution
		{786997AC-57F0-4C9B-83FD-8E2E6AE0A842}.Debug|Any CPU.ActiveCfg = Debug|Any CPU
		{786997AC-57F0-4C9B-83FD-8E2E6AE0A842}.Debug|Any CPU.Build.0 = Debug|Any CPU
		{786997AC-57F0-4C9B-83FD-8E2E6AE0A842}.Release|Any CPU.ActiveCfg = Release|Any CPU
		{786997AC-57F0-4C9B-83FD-8E2E6AE0A842}.Release|Any CPU.Build.0 = Release|Any CPU
		{AF410DA6-FE1B-49FC-A42E-74538E9CE2E8}.Debug|Any CPU.ActiveCfg = Debug|Any CPU
		{AF410DA6-FE1B-49FC-A42E-74538E9CE2E8}.Debug|Any CPU.Build.0 = Debug|Any CPU
		{AF410DA6-FE1B-49FC-A42E-74538E9CE2E8}.Release|Any CPU.ActiveCfg = Release|Any CPU
		{AF410DA6-FE1B-49FC-A42E-74538E9CE2E8}.Release|Any CPU.Build.0 = Release|Any CPU
	EndGlobalSection
	GlobalSection(SolutionProperties) = preSolution
		HideSolutionNode = FALSE
	EndGlobalSection
	GlobalSection(ExtensibilityGlobals) = postSolution
		SolutionGuid = {98AB7C7F-BBA1-43B8-8629-8947F02AE83B}
	EndGlobalSection
EndGlobal
