
Microsoft Visual Studio Solution File, Format Version 12.00
# Visual Studio Version 17
VisualStudioVersion = 17.0.31912.275
MinimumVisualStudioVersion = 10.0.40219.1
Project("{9A19103F-16F7-4668-BE54-9A1E7A4F7556}") = "ProjectFileConverter", "ProjectFileConverter\ProjectFileConverter.csproj", "{786997AC-57F0-4C9B-83FD-8E2E6AE0A842}"
EndProject
Project("{9A19103F-16F7-4668-BE54-9A1E7A4F7556}") = "ProjectFileConverter.Tests", "ProjectFileConverter.Tests\ProjectFileConverter.Tests.csproj", "{AF410DA6-FE1B-49FC-A42E-74538E9CE2E8}"
EndProject
Project("{2150E333-8FDC-42A3-9474-1A3956D46DE8}") = ".sln", ".sln", "{4CC5DEE8-30D3-43C9-8650-29D680BF5039}"
	ProjectSection(SolutionItems) = preProject
		.editorconfig = .editorconfig
		.gitignore = .gitignore
		LICENSE = LICENSE
		README.md = README.md
		Settings.XamlStyler = Settings.XamlStyler
	EndProjectSection
EndProject
Global
	GlobalSection(SolutionConfigurationPlatforms) = preSolution
		Debug|Any CPU = Debug|Any CPU
		Release|Any CPU = Release|Any CPU
	EndGlobalSection
	GlobalSection(ProjectConfigurationPlatforms) = postSolution
		{786997AC-57F0-4C9B-83FD-8E2E6AE0A842}.Debug|Any CPU.ActiveCfg = Debug|Any CPU
		{786997AC-57F0-4C9B-83FD-8E2E6AE0A842}.Debug|Any CPU.Build.0 = Debug|Any CPU
		{786997AC-57F0-4C9B-83FD-8E2E6AE0A842}.Release|Any CPU.ActiveCfg = Release|Any CPU
		{786997AC-57F0-4C9B-83FD-8E2E6AE0A842}.Release|Any CPU.Build.0 = Release|Any CPU
		{AF410DA6-FE1B-49FC-A42E-74538E9CE2E8}.Debug|Any CPU.ActiveCfg = Debug|Any CPU
		{AF410DA6-FE1B-49FC-A42E-74538E9CE2E8}.Debug|Any CPU.Build.0 = Debug|Any CPU
		{AF410DA6-FE1B-49FC-A42E-74538E9CE2E8}.Release|Any CPU.ActiveCfg = Release|Any CPU
		{AF410DA6-FE1B-49FC-A42E-74538E9CE2E8}.Release|Any CPU.Build.0 = Release|Any CPU
	EndGlobalSection
	GlobalSection(SolutionProperties) = preSolution
		HideSolutionNode = FALSE
	EndGlobalSection
	GlobalSection(ExtensibilityGlobals) = postSolution
		SolutionGuid = {98AB7C7F-BBA1-43B8-8629-8947F02AE83B}
	EndGlobalSection
EndGlobal
